
Microsoft Visual Studio Solution File, Format Version 12.00
# Visual Studio Version 17
VisualStudioVersion = 17.1.32407.343
MinimumVisualStudioVersion = 10.0.40219.1
Project("{9A19103F-16F7-4668-BE54-9A1E7A4F7556}") = "TopSolutions.ConsoleApp", "TopSolutions.ConsoleApp\TopSolutions.ConsoleApp.csproj", "{0E847493-14E9-4664-8E07-F98958DF79DB}"
EndProject
Project("{9A19103F-16F7-4668-BE54-9A1E7A4F7556}") = "TopSolutions.WebApi", "TopSolutions.WebApi\TopSolutions.WebApi.csproj", "{86C8B742-5381-4C25-A365-97791CF8D011}"
EndProject
Project("{9A19103F-16F7-4668-BE54-9A1E7A4F7556}") = "ReWrite", "ReWrite\ReWrite.csproj", "{3A23EA8A-C0F2-4977-BBEF-8E058AE06BBD}"
EndProject
Project("{9A19103F-16F7-4668-BE54-9A1E7A4F7556}") = "Cornucopia", "Cornucopia\Cornucopia.csproj", "{278F361D-4886-46A6-81BE-A8E1367FAD07}"
EndProject
Project("{FAE04EC0-301F-11D3-BF4B-00C04F79EFBC}") = "CommandConnect", "CommandConnect\CommandConnect.csproj", "{697A7E17-5DB4-49E6-B3E3-BEC1C3C222E7}"
EndProject
Project("{9A19103F-16F7-4668-BE54-9A1E7A4F7556}") = "TopConsoleNunit.Test", "TopConsoleNunit.Test\TopConsoleNunit.Test.csproj", "{00C6EAD3-2BB2-4E9C-A8C3-139699F493F6}"
EndProject
Project("{FAE04EC0-301F-11D3-BF4B-00C04F79EFBC}") = "WinFormsProject", "WinFormsProject\WinFormsProject.csproj", "{02888C6D-D1F7-459F-BFAA-8FA0D5F6B516}"
EndProject
Project("{FAE04EC0-301F-11D3-BF4B-00C04F79EFBC}") = "UltraWPFApp", "UltraWPFApp\UltraWPFApp.csproj", "{6A315EFD-8F74-4123-AB0C-4DA5D3B4F8F5}"
EndProject
Global
	GlobalSection(SolutionConfigurationPlatforms) = preSolution
		Debug|Any CPU = Debug|Any CPU
		Release|Any CPU = Release|Any CPU
	EndGlobalSection
	GlobalSection(ProjectConfigurationPlatforms) = postSolution
		{0E847493-14E9-4664-8E07-F98958DF79DB}.Debug|Any CPU.ActiveCfg = Debug|Any CPU
		{0E847493-14E9-4664-8E07-F98958DF79DB}.Debug|Any CPU.Build.0 = Debug|Any CPU
		{0E847493-14E9-4664-8E07-F98958DF79DB}.Release|Any CPU.ActiveCfg = Release|Any CPU
		{0E847493-14E9-4664-8E07-F98958DF79DB}.Release|Any CPU.Build.0 = Release|Any CPU
		{86C8B742-5381-4C25-A365-97791CF8D011}.Debug|Any CPU.ActiveCfg = Debug|Any CPU
		{86C8B742-5381-4C25-A365-97791CF8D011}.Debug|Any CPU.Build.0 = Debug|Any CPU
		{86C8B742-5381-4C25-A365-97791CF8D011}.Release|Any CPU.ActiveCfg = Release|Any CPU
		{86C8B742-5381-4C25-A365-97791CF8D011}.Release|Any CPU.Build.0 = Release|Any CPU
		{3A23EA8A-C0F2-4977-BBEF-8E058AE06BBD}.Debug|Any CPU.ActiveCfg = Debug|Any CPU
		{3A23EA8A-C0F2-4977-BBEF-8E058AE06BBD}.Debug|Any CPU.Build.0 = Debug|Any CPU
		{3A23EA8A-C0F2-4977-BBEF-8E058AE06BBD}.Release|Any CPU.ActiveCfg = Release|Any CPU
		{3A23EA8A-C0F2-4977-BBEF-8E058AE06BBD}.Release|Any CPU.Build.0 = Release|Any CPU
		{278F361D-4886-46A6-81BE-A8E1367FAD07}.Debug|Any CPU.ActiveCfg = Debug|Any CPU
		{278F361D-4886-46A6-81BE-A8E1367FAD07}.Debug|Any CPU.Build.0 = Debug|Any CPU
		{278F361D-4886-46A6-81BE-A8E1367FAD07}.Release|Any CPU.ActiveCfg = Release|Any CPU
		{278F361D-4886-46A6-81BE-A8E1367FAD07}.Release|Any CPU.Build.0 = Release|Any CPU
		{697A7E17-5DB4-49E6-B3E3-BEC1C3C222E7}.Debug|Any CPU.ActiveCfg = Debug|Any CPU
		{697A7E17-5DB4-49E6-B3E3-BEC1C3C222E7}.Debug|Any CPU.Build.0 = Debug|Any CPU
		{697A7E17-5DB4-49E6-B3E3-BEC1C3C222E7}.Release|Any CPU.ActiveCfg = Release|Any CPU
		{697A7E17-5DB4-49E6-B3E3-BEC1C3C222E7}.Release|Any CPU.Build.0 = Release|Any CPU
		{00C6EAD3-2BB2-4E9C-A8C3-139699F493F6}.Debug|Any CPU.ActiveCfg = Debug|Any CPU
		{00C6EAD3-2BB2-4E9C-A8C3-139699F493F6}.Debug|Any CPU.Build.0 = Debug|Any CPU
		{00C6EAD3-2BB2-4E9C-A8C3-139699F493F6}.Release|Any CPU.ActiveCfg = Release|Any CPU
		{00C6EAD3-2BB2-4E9C-A8C3-139699F493F6}.Release|Any CPU.Build.0 = Release|Any CPU
		{02888C6D-D1F7-459F-BFAA-8FA0D5F6B516}.Debug|Any CPU.ActiveCfg = Debug|Any CPU
		{02888C6D-D1F7-459F-BFAA-8FA0D5F6B516}.Debug|Any CPU.Build.0 = Debug|Any CPU
		{02888C6D-D1F7-459F-BFAA-8FA0D5F6B516}.Release|Any CPU.ActiveCfg = Release|Any CPU
		{02888C6D-D1F7-459F-BFAA-8FA0D5F6B516}.Release|Any CPU.Build.0 = Release|Any CPU
		{6A315EFD-8F74-4123-AB0C-4DA5D3B4F8F5}.Debug|Any CPU.ActiveCfg = Debug|Any CPU
		{6A315EFD-8F74-4123-AB0C-4DA5D3B4F8F5}.Debug|Any CPU.Build.0 = Debug|Any CPU
		{6A315EFD-8F74-4123-AB0C-4DA5D3B4F8F5}.Release|Any CPU.ActiveCfg = Release|Any CPU
		{6A315EFD-8F74-4123-AB0C-4DA5D3B4F8F5}.Release|Any CPU.Build.0 = Release|Any CPU
	EndGlobalSection
	GlobalSection(SolutionProperties) = preSolution
		HideSolutionNode = FALSE
	EndGlobalSection
	GlobalSection(ExtensibilityGlobals) = postSolution
		SolutionGuid = {7EAC2234-2380-416B-8345-010C319D7A48}
	EndGlobalSection
EndGlobal
